
Microsoft Visual Studio Solution File, Format Version 12.00
# Visual Studio Version 16
VisualStudioVersion = 16.0.32802.440
MinimumVisualStudioVersion = 10.0.40219.1
Project("{FAE04EC0-301F-11D3-BF4B-00C04F79EFBC}") = "QASite.Data", "QASite.Data\QASite.Data.csproj", "{6A710846-5871-4C42-9D67-A3C8D49FC0B6}"
EndProject
Project("{FAE04EC0-301F-11D3-BF4B-00C04F79EFBC}") = "QASite.Web", "QASite.Web\QASite.Web.csproj", "{55A01078-D7B7-4235-970C-D873DB8E3E6E}"
EndProject
Global
	GlobalSection(SolutionConfigurationPlatforms) = preSolution
		Debug|Any CPU = Debug|Any CPU
		Release|Any CPU = Release|Any CPU
	EndGlobalSection
	GlobalSection(ProjectConfigurationPlatforms) = postSolution
		{6A710846-5871-4C42-9D67-A3C8D49FC0B6}.Debug|Any CPU.ActiveCfg = Debug|Any CPU
		{6A710846-5871-4C42-9D67-A3C8D49FC0B6}.Debug|Any CPU.Build.0 = Debug|Any CPU
		{6A710846-5871-4C42-9D67-A3C8D49FC0B6}.Release|Any CPU.ActiveCfg = Release|Any CPU
		{6A710846-5871-4C42-9D67-A3C8D49FC0B6}.Release|Any CPU.Build.0 = Release|Any CPU
		{55A01078-D7B7-4235-970C-D873DB8E3E6E}.Debug|Any CPU.ActiveCfg = Debug|Any CPU
		{55A01078-D7B7-4235-970C-D873DB8E3E6E}.Debug|Any CPU.Build.0 = Debug|Any CPU
		{55A01078-D7B7-4235-970C-D873DB8E3E6E}.Release|Any CPU.ActiveCfg = Release|Any CPU
		{55A01078-D7B7-4235-970C-D873DB8E3E6E}.Release|Any CPU.Build.0 = Release|Any CPU
	EndGlobalSection
	GlobalSection(SolutionProperties) = preSolution
		HideSolutionNode = FALSE
	EndGlobalSection
	GlobalSection(ExtensibilityGlobals) = postSolution
		SolutionGuid = {1164D060-C888-4D7E-89CC-421607E89EF9}
	EndGlobalSection
EndGlobal
